
Microsoft Visual Studio Solution File, Format Version 12.00
# Visual Studio 15
VisualStudioVersion = 15.0.28307.136
MinimumVisualStudioVersion = 10.0.40219.1
Project("{FAE04EC0-301F-11D3-BF4B-00C04F79EFBC}") = "PixelWorldBot", "PixelWorldBot\PixelWorldBot.csproj", "{A02B190E-6626-4597-ACE1-213F1C572132}"
EndProject
Global
	GlobalSection(SolutionConfigurationPlatforms) = preSolution
		Debug|Any CPU = Debug|Any CPU
		Release|Any CPU = Release|Any CPU
	EndGlobalSection
	GlobalSection(ProjectConfigurationPlatforms) = postSolution
		{A02B190E-6626-4597-ACE1-213F1C572132}.Debug|Any CPU.ActiveCfg = Debug|Any CPU
		{A02B190E-6626-4597-ACE1-213F1C572132}.Debug|Any CPU.Build.0 = Debug|Any CPU
		{A02B190E-6626-4597-ACE1-213F1C572132}.Release|Any CPU.ActiveCfg = Release|Any CPU
		{A02B190E-6626-4597-ACE1-213F1C572132}.Release|Any CPU.Build.0 = Release|Any CPU
	EndGlobalSection
	GlobalSection(SolutionProperties) = preSolution
		HideSolutionNode = FALSE
	EndGlobalSection
	GlobalSection(ExtensibilityGlobals) = postSolution
		SolutionGuid = {9F3FE764-629E-4C80-BBA5-2218D2947F54}
	EndGlobalSection
EndGlobal
